
Microsoft Visual Studio Solution File, Format Version 12.00
# Visual Studio Version 17
VisualStudioVersion = 17.8.34112.27
MinimumVisualStudioVersion = 10.0.40219.1
Project("{9A19103F-16F7-4668-BE54-9A1E7A4F7556}") = "Assets.Api", "Assets.Api\Assets.Api.csproj", "{DFE1E25B-2630-4D5B-91AB-99A710DE951D}"
EndProject
Project("{9A19103F-16F7-4668-BE54-9A1E7A4F7556}") = "Assets.Data", "Assets.Data\Assets.Data.csproj", "{955D1F68-4AC1-468F-8A30-00652056F0CA}"
EndProject
Global
	GlobalSection(SolutionConfigurationPlatforms) = preSolution
		Debug|Any CPU = Debug|Any CPU
		Release|Any CPU = Release|Any CPU
	EndGlobalSection
	GlobalSection(ProjectConfigurationPlatforms) = postSolution
		{DFE1E25B-2630-4D5B-91AB-99A710DE951D}.Debug|Any CPU.ActiveCfg = Debug|Any CPU
		{DFE1E25B-2630-4D5B-91AB-99A710DE951D}.Debug|Any CPU.Build.0 = Debug|Any CPU
		{DFE1E25B-2630-4D5B-91AB-99A710DE951D}.Release|Any CPU.ActiveCfg = Release|Any CPU
		{DFE1E25B-2630-4D5B-91AB-99A710DE951D}.Release|Any CPU.Build.0 = Release|Any CPU
		{955D1F68-4AC1-468F-8A30-00652056F0CA}.Debug|Any CPU.ActiveCfg = Debug|Any CPU
		{955D1F68-4AC1-468F-8A30-00652056F0CA}.Debug|Any CPU.Build.0 = Debug|Any CPU
		{955D1F68-4AC1-468F-8A30-00652056F0CA}.Release|Any CPU.ActiveCfg = Release|Any CPU
		{955D1F68-4AC1-468F-8A30-00652056F0CA}.Release|Any CPU.Build.0 = Release|Any CPU
	EndGlobalSection
	GlobalSection(SolutionProperties) = preSolution
		HideSolutionNode = FALSE
	EndGlobalSection
	GlobalSection(ExtensibilityGlobals) = postSolution
		SolutionGuid = {5C36ECD5-E901-4FA8-B6A6-ADC8E7ADE264}
	EndGlobalSection
EndGlobal
